{
    "_meta": {
        "hash": {
            "sha256": "368b02a7707c22f6ef0f01a2e7c8f4e56ccc887298e0914c66aa55e964951a23"
        },
        "pipfile-spec": 6,
        "requires": {
            "python_version": "3.10"
        },
        "sources": [
            {
                "name": "pypi",
                "url": "https://pypi.org/simple",
                "verify_ssl": true
            }
        ]
    },
    "default": {
        "googleapis-common-protos": {
            "hashes": [
                "sha256:53a062ff3c32552fbd62c11fe23768b78e4ddf0494d5e5fd97d3f4689c75fbbd",
                "sha256:961ed60399c457ceb0ee8f285a84c870aabc9c6a832b9d37bb281b5bebde43ed"
            ],
            "index": "pypi",
            "markers": "python_version >= '3.9'",
            "version": "==1.75.0"
        },
        "grpcio": {
            "hashes": [
                "sha256:01336fe31d1ea5d5154b0d803eb3584e69fb96e0e657acc87bd4d48d6abc9587",
                "sha256:03c0f3085e30e51aa4592a2a0b8ee518c9fb1593eb0368f57d7ccfdda2a1cff1",
                "sha256:03cce11532da292215cd8e5f444de91982e39dfb41a916e0e0f91a5c128588ea",
                "sha256:136969867c14fcc743fa39b12d7da133cae7da4f8e0e7767b6b8b7e75a8c24fd",
                "sha256:16d4f215344057eb21038319b05a0c531306230c17b075fa8461a944581006dd",
                "sha256:1b9c8eade1caa69682f21a1f49ccbb0f5258c5e4e13fe963c23e6778da9948cd",
                "sha256:24310aaf1f96a5327fc0d8e00fc98f0e9f90be8e09cc51becd2553d4b823d286",
                "sha256:2472b72a55da8570e089f1ca22f34a350d86c109be2755f6ee1cca5ebbdd9b54",
                "sha256:254230d2cb773a87380858d0fc74653b4761bf2013c83fe1c5d77ed8f241fc9d",
                "sha256:30e580c19178609799660f52b1e1eb09248969be20dc44caaa4dcaa3e8450dd9",
                "sha256:3933d68934324e34692a2096ebf653174ed724eb44261a742d956c592ee40a1c",
                "sha256:4405d19ecfc7a8caa9043ff5a651e1871b54fc620f917de5dede7e6fb78e9e14",
                "sha256:4665dc8c9ec30acff455e2b15c47b825f18647c555483aa1ccf670adead8adcc",
                "sha256:4a9389c1b3568b1d6b8c1d85d43eea701814e59280dd955ea0a2d2d65b90cb24",
                "sha256:4fd4843bd7eb04b8b409dafb68d1f1c3666d6b350e3e489f847bea1b4b916ac5",
                "sha256:5c500848925494554c5d7934cd8452d874fe3a831c475b2b7b023872e13f49bd",
                "sha256:640b4715b9c206e5176e46601aa1422c47c779f642a869dfd27062e8fde13dfb",
                "sha256:64be5bea5f32b1b13c81d8f322bd49ab22d388b87b5c146050c4faf2769c2036",
                "sha256:670ab93a0059e707de53b9e715304b9f566b6defee80e5490cdd15820ce032f6",
                "sha256:680f633bc788652222cb90a568ec374edcd91e1fe7715a7c248ece8e1032c2bd",
                "sha256:682b7bb01a02ccbdd085a220745e38990baa8cab6fa3b2a7a739f478c90a894f",
                "sha256:6e5010ec0a09242258ad4949daa131503370a72096461968ced25b51d7988401",
                "sha256:73176d270699d76a9dc3753f25e01c19fb98f830f826a506e917d83629f1b39b",
                "sha256:743390c02fb9b565351fc4429b3385c84d851626df11d91a537636b02eaa67df",
                "sha256:77a5d8fe331376c7aaa4e06e903a43bd144de4f98c6e414e13cbc5d64e5aa61e",
                "sha256:8045b89d863b5a271e65413361f75dddd70eeab6bf79f2b0e0eaeeb0900d8d24",
                "sha256:841bcaa24882921d41cd7a82118f9a766edcf8807c2f486e7deeb0ff5ea36181",
                "sha256:848774370f0783f88e1fa9888f972fa61ab1ec985fffe2668f53bccfa51ef6cb",
                "sha256:8523e81bd23f83e607aed28fbd8244b2be4aeb34e084fcef1bd1867709085c2a",
                "sha256:85c2a4e9e8a30d73d41e547a5101e57a1ed2093ec4b2daf6847c344adba00523",
                "sha256:8ec9bc648dc2c862bdc8ca7c87b973474b00a7fa5f8eeea0ec504f3490aa85f5",
                "sha256:9331e6b91b26cffd63fb70a545f3c2cac8dc1b434b4436f43915c23e1e22f265",
                "sha256:96a3be4d2a482ff004c036f6391f33553b36a7627138d1ca3ecc1e70d55d8af5",
                "sha256:9ce80ea66c803398fde9c5b1fd925920c9742da7f10f8b85acac0adac3e4d7e0",
                "sha256:a3a7802328e0d20e6ac458ff1974a8096cfaa3ca84dea0903235f641f1d703c1",
                "sha256:a7c283b459151a2e84df32b28c31562ab3e7f624bccffce176c5608565b0212f",
                "sha256:a7e246cd216662f513ae79ea3afadde6afe8a659b48a4170bae9a896e69ac254",
                "sha256:b1eeb0480d86965263f8c8ae7ee5360c284d22176a196aab02fce7fba8d89dd8",
                "sha256:b53959e9af6618b10b46dba4ac82706c4ee90443e95a28004c014c2532d7e053",
                "sha256:bc428d9825f1f83e61c65c8e6fb662384105022231938d6775e1b6cfb2bf517a",
                "sha256:bc481e6c7e6c8721797f2ab764092c843fd5cea06d4c7e9f4c3e3b7ecf331eb0",
                "sha256:bfe3247e0bb598585ce26565730970d21bccf3c9dc547dc6703a1a3c7888e8e1",
                "sha256:c9feb986151c2726789599b3672c1c9faa1d0824da921dc3f33a8cb1f93e2861",
                "sha256:d4bb7219c39c735e6573ae3c33aeafb2a4e1f1cc93a762f7899c283defaed365",
                "sha256:d5715a36f16ee57361612833f9b630bc2db52b4be7c6b403266ac7b26813536d",
                "sha256:dbbd83dbaa856b387a4eba74ec3add7f594f090d3b4d390d829dd5834816aae4",
                "sha256:ddcd5f8db890c5c822e4c0b89d641b1db6a0c7255fff02535cbe77c4dabf450f",
                "sha256:e00f6e6b371075bc79e94c3447496c1dd1aff3b91a01b24e59db49d3bf1ff795",
                "sha256:fbfe2e321bb30b84799677d6e8469896e487b494e9e4fbc9b8cc4425fe054d44",
                "sha256:fd8ebfd420efa12f07d6a5f39ecf3538bd1e8d9d53cfa7192457731ac4580953",
                "sha256:fe56f1bea709ddb2531fbd510a2dd6040e993985507c3b2bf3404507aee989b1"
            ],
            "index": "pypi",
            "markers": "python_version >= '3.10'",
            "version": "==1.82.0"
        },
        "protobuf": {
            "hashes": [
                "sha256:11d6b0ec246892d85215b0a13ca6e0233cf5284b68f0ac02646427f4ff88a799",
                "sha256:230a75ddfc2de4806e56696ce9640c1cdfdb6543b7cfce98d42a4c0a0e7bdb87",
                "sha256:24f857477359a85c0c235261b8ba905fd51b2562f4a64ca1df5473f29850cbf6",
                "sha256:353652e4efd0bca5b5fc2656abf8307ef351f0cf938c9eba09f0e09c20a25c30",
                "sha256:4bc97768d8fe4ad6743c8a19403e314511ed9f6d13205b687e52421c023ac1b9",
                "sha256:74758715c53d7158fb76caf4f0cfdacc5329a4b1bb994f865d6cf302d413a1c4",
                "sha256:b73f9489a4b8b1c9cb1f8ed951c736392592edb24b9d6819f36d2e10b171d5b4",
                "sha256:ce115a26fe0c39a2c29973d914d327e516a6455464489fe3cd1e51a1b354f81a"
            ],
            "index": "pypi",
            "markers": "python_version >= '3.10'",
            "version": "==7.35.1"
        },
        "typing-extensions": {
            "hashes": [
                "sha256:481caa481374e813c1b176ada14e97f1f67a4539ce9cfeb3f350d78d6370c2e8",
                "sha256:dc983d19a509c94dba722ee6abd33940f7c05a89e243c47e907eb4db6f1a43e5"
            ],
            "markers": "python_version >= '3.9'",
            "version": "==4.16.0"
        }
    },
    "develop": {
        "exceptiongroup": {
            "hashes": [
                "sha256:8b412432c6055b0b7d14c310000ae93352ed6754f70fa8f7c34141f91c4e3219",
                "sha256:a7a39a3bd276781e98394987d3a5701d0c4edffb633bb7a5144577f82c773598"
            ],
            "markers": "python_version >= '3.7'",
            "version": "==1.3.1"
        },
        "iniconfig": {
            "hashes": [
                "sha256:c76315c77db068650d49c5b56314774a7804df16fee4402c1f19d6d15d8c4730",
                "sha256:f631c04d2c48c52b84d0d0549c99ff3859c98df65b3101406327ecc7d53fbf12"
            ],
            "markers": "python_version >= '3.10'",
            "version": "==2.3.0"
        },
        "packaging": {
            "hashes": [
                "sha256:5fc45236b9446107ff2415ce77c807cee2862cb6fac22b8a73826d0693b0980e",
                "sha256:ff452ff5a3e828ce110190feff1178bb1f2ea2281fa2075aadb987c2fb221661"
            ],
            "markers": "python_version >= '3.8'",
            "version": "==26.2"
        },
        "pluggy": {
            "hashes": [
                "sha256:7dcc130b76258d33b90f61b658791dede3486c3e6bfb003ee5c9bfb396dd22f3",
                "sha256:e920276dd6813095e9377c0bc5566d94c932c33b27a3e3945d8389c374dd4746"
            ],
            "markers": "python_version >= '3.9'",
            "version": "==1.6.0"
        },
        "pygments": {
            "hashes": [
                "sha256:6757cd03768053ff99f3039c1a36d6c0aa0b263438fcab17520b30a303a82b5f",
                "sha256:81a9e26dd42fd28a23a2d169d86d7ac03b46e2f8b59ed4698fb4785f946d0176"
            ],
            "markers": "python_version >= '3.9'",
            "version": "==2.20.0"
        },
        "pytest": {
            "hashes": [
                "sha256:1088fbde8f2b49d95a549a195707afa7a76a3ce9bcadc26b6d71f0ffda5fe313",
                "sha256:37a86b45efb9a47a61a36449063e8e18d0cab3161329fc099eb21783169c4f0c"
            ],
            "index": "pypi",
            "markers": "python_version >= '3.10'",
            "version": "==9.1.1"
        },
        "tomli": {
            "hashes": [
                "sha256:01f520d4f53ef97964a240a035ec2a869fe1a37dde002b57ebc4417a27ccd853",
                "sha256:0d85819802132122da43cb86656f8d1f8c6587d54ae7dcaf30e90533028b49fe",
                "sha256:136443dbd7e1dee43c68ac2694fde36b2849865fa258d39bf822c10e8068eac5",
                "sha256:1d8591993e228b0c930c4bb0db464bdad97b3289fb981255d6c9a41aedc84b2d",
                "sha256:2190f2e9dd7508d2a90ded5ed369255980a1bcdd58e52f7fe24b8162bf9fedbd",
                "sha256:2c1c351919aca02858f740c6d33adea0c5deea37f9ecca1cc1ef9e884a619d26",
                "sha256:36d2bd2ad5fb9eaddba5226aa02c8ec3fa4f192631e347b3ed28186d43be6b54",
                "sha256:3d48a93ee1c9b79c04bb38772ee1b64dcf18ff43085896ea460ca8dec96f35f6",
                "sha256:47149d5bd38761ac8be13a84864bf0b7b70bc051806bc3669ab1cbc56216b23c",
                "sha256:4ab97e64ccda8756376892c53a72bd1f964e519c77236368527f758fbc36a53a",
                "sha256:4b605484e43cdc43f0954ddae319fb75f04cc10dd80d830540060ee7cd0243cd",
                "sha256:504aa796fe0569bb43171066009ead363de03675276d2d121ac1a4572397870f",
                "sha256:51529d40e3ca50046d7606fa99ce3956a617f9b36380da3b7f0dd3dd28e68cb5",
                "sha256:52c8ef851d9a240f11a88c003eacb03c31fc1c9c4ec64a99a0f922b93874fda9",
                "sha256:559db847dc486944896521f68d8190be1c9e719fced785720d2216fe7022b662",
                "sha256:5a881ab208c0baf688221f8cecc5401bd291d67e38a1ac884d6736cbcd8247e9",
                "sha256:5cb41aa38891e073ee49d55fbc7839cfdb2bc0e600add13874d048c94aadddd1",
                "sha256:5e262d41726bc187e69af7825504c933b6794dc3fbd5945e41a79bb14c31f585",
                "sha256:5ee18d9ebdb417e384b58fe414e8d6af9f4e7a0ae761519fb50f721de398dd4e",
                "sha256:7008df2e7655c495dd12d2a4ad038ff878d4ca4b81fccaf82b714e07eae4402c",
                "sha256:734e20b57ba95624ecf1841e72b53f6e186355e216e5412de414e3c51e5e3c41",
                "sha256:7c7e1a961a0b2f2472c1ac5b69affa0ae1132c39adcb67aba98568702b9cc23f",
                "sha256:7f86fd587c4ed9dd76f318225e7d9b29cfc5a9d43de44e5754db8d1128487085",
                "sha256:7f94b27a62cfad8496c8d2513e1a222dd446f095fca8987fceef261225538a15",
                "sha256:88dceee75c2c63af144e456745e10101eb67361050196b0b6af5d717254dddf7",
                "sha256:8a650c2dbafa08d42e51ba0b62740dae4ecb9338eefa093aa5c78ceb546fcd5c",
                "sha256:8d65a2fbf9d2f8352685bc1364177ee3923d6baf5e7f43ea4959d7d8bc326a36",
                "sha256:96481a5786729fd470164b47cdb3e0e58062a496f455ee41b4403be77cb5a076",
                "sha256:a120733b01c45e9a0c34aeef92bf0cf1d56cfe81ed9d47d562f9ed591a9828ac",
                "sha256:b1d22e6e9387bf4739fbe23bfa80e93f6b0373a7f1b96c6227c32bef95a4d7a8",
                "sha256:b8c198f8c1805dc42708689ed6864951fd2494f924149d3e4bce7710f8eb5232",
                "sha256:c2541745709bad0264b7d4705ad453b76ccd191e64aa6f0fc66b69a293a45ece",
                "sha256:c742f741d58a28940ce01d58f0ab2ea3ced8b12402f162f4d534dfe18ba1cd6a",
                "sha256:c7f2c7f2b9ca6bdeef8f0fa897f8e05085923eb091721675170254cbc5b02897",
                "sha256:d312ef37c91508b0ab2cee7da26ec0b3ed2f03ce12bd87a588d771ae15dcf82d",
                "sha256:d4d8fe59808a54658fcc0160ecfb1b30f9089906c50b23bcb4c69eddc19ec2b4",
                "sha256:da25dc3563bff5965356133435b757a795a17b17d01dbc0f42fb32447ddfd917",
                "sha256:eab21f45c7f66c13f2a9e0e1535309cee140182a9cdae1e041d02e47291e8396",
                "sha256:eb0dc4e38e6a1fd579e5d50369aa2e10acfc9cace504579b2faabb478e76941a",
                "sha256:ec9bfaf3ad2df51ace80688143a6a4ebc09a248f6ff781a9945e51937008fcbc",
                "sha256:ede3e6487c5ef5d28634ba3f31f989030ad6af71edfb0055cbbd14189ff240ba",
                "sha256:f3c6818a1a86dd6dca7ddcaaf76947d5ba31aecc28cb1b67009a5877c9a64f3f",
                "sha256:f758f1b9299d059cc3f6546ae2af89670cb1c4d48ea29c3cacc4fe7de3058257",
                "sha256:f8f0fc26ec2cc2b965b7a3b87cd19c5c6b8c5e5f436b984e85f486d652285c30",
                "sha256:fd0409a3653af6c147209d267a0e4243f0ae46b011aa978b1080359fddc9b6cf",
                "sha256:ff18e6a727ee0ab0388507b89d1bc6a22b138d1e2fa56d1ad494586d61d2eae9",
                "sha256:ff2983983d34813c1aeb0fa89091e76c3a22889ee83ab27c5eeb45100560c049"
            ],
            "index": "pypi",
            "markers": "python_version >= '3.8'",
            "version": "==2.4.1"
        },
        "typing-extensions": {
            "hashes": [
                "sha256:481caa481374e813c1b176ada14e97f1f67a4539ce9cfeb3f350d78d6370c2e8",
                "sha256:dc983d19a509c94dba722ee6abd33940f7c05a89e243c47e907eb4db6f1a43e5"
            ],
            "markers": "python_version >= '3.9'",
            "version": "==4.16.0"
        }
    }
}
