{
    "_meta": {
        "hash": {
            "sha256": "409b22b8e9aa0bd439e2ef430697e9daf5a5c3f65d5df9b24dcdbc8cf4548c3d"
        },
        "pipfile-spec": 6,
        "requires": {
            "python_version": "3.10"
        },
        "sources": [
            {
                "name": "pypi",
                "url": "https://pypi.org/simple",
                "verify_ssl": true
            }
        ]
    },
    "default": {
        "googleapis-common-protos": {
            "hashes": [
                "sha256:53a062ff3c32552fbd62c11fe23768b78e4ddf0494d5e5fd97d3f4689c75fbbd",
                "sha256:961ed60399c457ceb0ee8f285a84c870aabc9c6a832b9d37bb281b5bebde43ed"
            ],
            "index": "pypi",
            "markers": "python_version >= '3.9'",
            "version": "==1.75.0"
        },
        "grpcio": {
            "hashes": [
                "sha256:0fba53cb96004b2b7fb758b46b2288cb49d0b658316a4e73f3ef67230616ee65",
                "sha256:194eddfacc84d80f50512e9fd4ee851d5f2499f18f299c95aa8fb4748f0537e0",
                "sha256:19f201da7b4e5c0559198abe5a97157e726f3abe6e8f5e832d4a50740f6dcc22",
                "sha256:21ec30b9ea320c8207ea7cd05873ad64aa69fdd0e81b6758b3347983ba20b50a",
                "sha256:275144b0115353339dbb8a6f28a9cf8997b5bf40e37f8f66ac0b0ea57e95b43f",
                "sha256:300f3337b6425fd16ead9a4f9b2ac25801acb64aa5bc0b99eb69901645b2b1d2",
                "sha256:3755c9669307cad18e7e009860fdea98118978d2300451bd8530a53048e741e7",
                "sha256:3d4e0ce5a40a998cf608c8ba60ecfe18fdf364a9aa193ae4ac3faeecd0e86757",
                "sha256:40edffb4ec3689373825d367c4457727047a6e554f03245265ecc8cc03215f22",
                "sha256:43c121e135ae44d1559b430db2b2dfad7421cbbe40e1deba506c7dc62b439719",
                "sha256:4e032feb3bfb4e2749b140a2302a6baa8ead1b9781ff5cf7094e4402b5e9372e",
                "sha256:5192857589f223e5a98ff0e31f6e551b19040e647d17bfe10116c8a2ce3b8696",
                "sha256:57b3b0e73a518fa286959b40c3eddd02703504ca186e8b7b2945954519bd8b2c",
                "sha256:5e925a70fe99fe5794f7beca0ea034c75f068afcc356d79047e73f99cdcca34c",
                "sha256:62bbe463c9f0f2ff24e31bd25f8dd8b4bae78900e315915a3195a0ef1471a855",
                "sha256:638ccc1b86f7540170a169cb900799b9296a1381e47879ce60b0de9d3db73d33",
                "sha256:725801c7086d7e4cd160e42bb2f54e0aeb976b9568df3cc6f843b15d29b79fb1",
                "sha256:77eb4e9fe61486bd1198cc7236ebb0f70e66234e63c0348f40bc2553ed16a88b",
                "sha256:7915a2e63acdc05264a206e1bddfd8e1fb8a29e406c18d72d30f8c124e021374",
                "sha256:794e6aa648e8df47d8f908dc8c3b42347d04ec58438f1dcd4e445f09b4f6b0ce",
                "sha256:8226ba097eed660ef14d36c6a69b85038552bb8b6d17b44a5aa6f9abf48b8e08",
                "sha256:87e33b7afcfb3585121b5f007d2c52b8c534104d18f556e840d35193ca2a9141",
                "sha256:8bb1789c94322a13336a2b6c58d9c14d68f8628b6e24205a799c69f5bf8516ce",
                "sha256:8c0855a350886f713b9e458e2a10d208009dcaa849f574e39cd6067db1fe1279",
                "sha256:909bb3222b53235498d2c5817a0596d82b0aaea490ba93fdf1b060e2938a543c",
                "sha256:97bbd623f7ded558fd4f7cb5a4f600c4d4de65c5dd364c83a5b14b2a10a2d3b5",
                "sha256:98c6240f563178fc5877bd50e6ff274463e53e1472128f4110742450739659fa",
                "sha256:9f355384e5543ab77a755a7085225ecc19f32b76032e851cbd8145715d79dec8",
                "sha256:a524cd530900bd24511fcb7f2ed144da4ea37711c4b094475d0bceca7a93a170",
                "sha256:a5acd7efd3b1fe9b4eb0bcaaa1507eed68a0ad0678b654c3f7b464df9ba9dca5",
                "sha256:a9351055f52660b58f3d4890ea66188b5134399f82b11aa0c55bd4b99eff5390",
                "sha256:aa948712c8e5fa40ec250870bda14bc7578e1bb832a8912d9d2a0f720518edbe",
                "sha256:aaaa4f7f2057d795952e4eacf3f342be8b5b156992f6ac85023c8b98794ebd47",
                "sha256:b4108e5d9d0f651b7eea749116181fe6c315b145661a80ec31f05ec2dbe21af7",
                "sha256:b76ea9d55cd08fcdbda25d28e0f76679536710acb7fbd5b1f70cb4ac49317265",
                "sha256:b8b025b6af43ee0ad4a70307025d77bcab5adde7c4597786010d802c203e9fc5",
                "sha256:b93cee313cae4e113fbb3a0ce1ea5633db6f63cfde2b2dc1d817429026b2a50b",
                "sha256:c197e2ef75a442528072b29e9755da299110e8610e8bcbb59a6b4cf55384f005",
                "sha256:c36f5d5e97944cbda2d4096b4ae262e6e68506246b61582acf1b8591607f3ccc",
                "sha256:c4fe218c5a35e1d87a5a26544237f1fa41dfd9cbd3c856b0810a30061f8b0aaf",
                "sha256:c6ff087cb1f563f47b504b4e29e684129fc5ae4863faf3ebca08a327764ee6cb",
                "sha256:cd78145b7f7784661c524624f3526c9c6f891b30a4b54cb93a40806d0d0d61e9",
                "sha256:db217c2e52931719f9937bd12082cd4d7b495b35803d5760686975c285924bf8",
                "sha256:dbdb99986548a7e87f8343805ef315fd4eb50ffaabf4fb1206e42f2542bb805d",
                "sha256:e4d053900a0d24b75d7521139a3872150301b3d6bde3bed5e12318fb25791e4d",
                "sha256:e7746ba3e6efc9e2b748eff59470a2b8684d5a9ec607c6580bcaa5be175820bc",
                "sha256:f345de40ef2e65f63645d53d251824e6070e07804827c5b00ec2e44555f9f901",
                "sha256:f750a091fff3a3991731abc1f818bdc64874bb3528162732cb4d45f2e07821a6",
                "sha256:f85570a016d794c29b1e76cf22f67af4486ddbe779e0f30674f138fa4e1769ec",
                "sha256:fbbe81314a9d92156abce8b62c09364eb8bafc0ca2a19919a45ec64b5c6cb664",
                "sha256:ff83d889e3ebf6341c8c7864ad8031591ad5ca61599072fc511644d1eb962d2b"
            ],
            "markers": "python_version >= '3.10'",
            "version": "==1.81.0"
        },
        "grpcio-tools": {
            "hashes": [
                "sha256:0034997767960644f0f4a2aecf35df5fc426d43fa5639dd1b8317da835bab2a4",
                "sha256:012d580d98db189e4bd231a6529b162bc27a5f52c4854e2d21a4016edc47c760",
                "sha256:019f05a17b5495d561603f75a74a4a76ad22456a95dc7623c7be4e4b44391b88",
                "sha256:0733d773eca8cb461f4f2a1b79c64c123db9661be41b08184b81497b2b991ccb",
                "sha256:1e21049aeedd9d62e5e58146e5d00f3b75674d8d8d3cc69709ab950082be8421",
                "sha256:1ecb833118bfa2c3051e534692f2b43f7c6db14e1eac9b1e7f6e66b6b6dc5074",
                "sha256:23831f5c66038c5793cb5d2651120bc24a33705e1ce2887a88f54272b73b240f",
                "sha256:244619491a12d1f8d4119bb5930272827084a1e7caa8f9d5a0d4ca6595bb1dea",
                "sha256:283bb3465331a4034b14dce35425c47b0cfbd287b09a6e9d15c9f26fbb17e799",
                "sha256:2a369a9e27fcb6279387744778d67a64551de82db0e9cf7e1e9451c22f719e07",
                "sha256:33c579bf24040dbdce751e05b5bcedc13dafffa8f2dfa07193bc05960dc95b49",
                "sha256:3401d6d4668c064c9ed344825fe97ff076cd8ba719a24e3d3c7169b604cbf00f",
                "sha256:374fe0435447f283e3c69f719ef1bc66f2e187a239ce25444b2de45cb3a6a744",
                "sha256:3f1ac691debbdbf00e7635ecacf28647f48f67fb4b14120a4541c8bb0f8333ae",
                "sha256:404ca893d54f26fddb868bbd4a54b203fbf914264d26c52e2f2aff35851a9f72",
                "sha256:40b7a17629e5c944c8ba98a438f051b9affaf30794e6e096578ba0030725f90c",
                "sha256:42e1eaa98199bd4f900f8af091e27aef804dd53b59c92adafcc9faabc0a92240",
                "sha256:475286558410e4d0394fc8129559080c22835ece3c23cac194b46c5ad7d0fad1",
                "sha256:4a8d9fdf42537cd1924f7e95013771aa73c89501ccf112b7517c22ca825be9f5",
                "sha256:52687858c044a6a4dd3fc4049b012b131254a3061360d6de2f97c3e38a7aedd9",
                "sha256:564624654f5a0377adc69f226f93ec5ff52715030c2f846af6c54ccc4ca2d225",
                "sha256:5783b6758244f6eaceb41a0e651828824b0d0c92724ddf4b68879ced9bfd9b50",
                "sha256:58e65dd13f7ffc25f5a9cd9890fddfd39b3c51e5c3c1acd987813b1dc1173704",
                "sha256:5a7c89432a3b200be306e76307b866716663b4c71d7816bdf382af81e00abd51",
                "sha256:5c5f44305786c1295320fed477f5673be4ca5f6ed1b31f8696f0791d4b12906d",
                "sha256:61d9ad6b5c0f3857663701bdc2cbb3da7f7d835ce9a8d597ffca443124a96894",
                "sha256:677207d88b659048f63697c237bf650b123a7a1de36158db57176f84c5bca84a",
                "sha256:69f8355b723db7b5e26a3bff76f9deb3a407d22fe289bca486ccf95d6133cad0",
                "sha256:760775f79bbefa321cd327fe1019a9d6ad0d93acb1ede7b7905c712679542fd7",
                "sha256:78c2514bf172b20631685840fea0c5d1bec5518b649d0a498f6dd8f91dfce56a",
                "sha256:7af4faf34376c57f4f3c42aa05f065d3b10e774b8a8d8b27d659d5cc351e5c75",
                "sha256:98b57a592a75553f4dd38db3993b037953245991b8df9f06927a8978962dcd82",
                "sha256:a741007631248dd903f880b575a63c0662433ed4b966262ab0f437ea860c9b7e",
                "sha256:a87ea8056beea56b24353d27b7f0ab814daabb372aa517d2e179470e66fd8f6b",
                "sha256:b2b26111795d0e7a72fa483d377a75b57203edaac8bbbac1e9b8f174e7b01ff3",
                "sha256:bac1c6ddc5eb3762257e773829b4e00ea7d0592f02498f27e5bdb75cd3182d69",
                "sha256:bf19fdc8b6258fbf36ea65f5672206483ef4639a16d33e3367d77e4523b4089b",
                "sha256:bf2ffd98c754d54a5affddfe3a18d4822b972c5c37ca6a33a456c94e6f3dd82b",
                "sha256:d56060281599d87e66a0dc6840b68730d81c215dbb1b5c50882f819bc9b6aba5",
                "sha256:d744ea354c9ca33ca17522436825e2842df9b731bcc924a73f4a7d205ed53006",
                "sha256:dce33d09851bc15dead814bd9d21023bffdf0f838ecf65995a2456e5692831fd",
                "sha256:e5d241c694a226bada06dae9accc47c5c25e586f49464823498e84cff63eedea",
                "sha256:e9945945edc14022abab07caec0ebc16bf51219e586b4f008d09334cc479655c",
                "sha256:f02d796474e58bba879965d228874c2c34164b6a5d96c0faf6bf896a6c3d8a0b",
                "sha256:f1f407697873acbf1d961c6fb9223114a3e679938469d4186623b8b872dbdae0",
                "sha256:f35da7b3b9537ecce9a5cfd967b1316a815378d5a3729e9ea556b22a14f6e315",
                "sha256:f37ce0440e5dc563662da89d7d1edd20654e6fb615ada5c8027f15f881bd40d0",
                "sha256:fa529a1f7a946cdb6881141a07d8fc8fb074af2fd17323e5f3530c8718101680",
                "sha256:fbe12f98aeddfeaa74d3dbe41dc451f008edf3ab1b82eb62f7a61011003d4833",
                "sha256:ffa74b84d201bea407f22e00ac0367f12df48a0073b0ffd9f3be9d8126a55245",
                "sha256:ffb1e507f9849ee013473f732b1ca5d732457f9b1d0d298efe8a77c33bb65d3a"
            ],
            "index": "pypi",
            "markers": "python_version >= '3.10'",
            "version": "==1.81.0"
        },
        "protobuf": {
            "hashes": [
                "sha256:0cd27b587afca21b7cfa59a74dcbd48a50f0a6400cfb59391340ad729d91d326",
                "sha256:77179e006c476e69bf8e8ce866640091ec42e1beb80b213c3900006ecfba6901",
                "sha256:7d29d9b65f8afef196f8334e80d6bc1d5d4adedb449971fefd3723824e6e77d3",
                "sha256:9720e6961b251bde64edfdab7d500725a2af5280f3f4c87e57c0208376aa8c3a",
                "sha256:a6768d25248312c297558af96a9f9c929e8c4cee0659cb07e780731095f38135",
                "sha256:bd56799fb262994b2c2faa1799693c95cc2e22c62f56fb43af311cae45d26f0e",
                "sha256:c96c37eec15086b79762ed265d59ab204dabc53056e3443e702d2681f4b39ce3",
                "sha256:e2afbae9b8e1825e3529f88d514754e094278bb95eadc0e199751cdd9a2e82a2",
                "sha256:e9db7e292e0ab79dd108d7f1a94fe31601ce1ee3f7b79e0692043423020b0593",
                "sha256:f443a394af5ed23672bc6c486be138628fbe5c651ccbc536873d7da23d1868cf"
            ],
            "markers": "python_version >= '3.9'",
            "version": "==6.33.6"
        },
        "setuptools": {
            "hashes": [
                "sha256:7d872682c5d01cfde07da7bccc7b65469d3dca203318515ada1de5eda35efbf9",
                "sha256:a59e362652f08dcd477c78bb6e7bd9d80a7995bc73ce773050228a348ce2e5bb"
            ],
            "markers": "python_version >= '3.9'",
            "version": "==82.0.1"
        },
        "typing-extensions": {
            "hashes": [
                "sha256:0cea48d173cc12fa28ecabc3b837ea3cf6f38c6d1136f85cbaaf598984861466",
                "sha256:f0fa19c6845758ab08074a0cfa8b7aecb71c999ca73d62883bc25cc018c4e548"
            ],
            "markers": "python_version >= '3.9'",
            "version": "==4.15.0"
        }
    },
    "develop": {
        "exceptiongroup": {
            "hashes": [
                "sha256:8b412432c6055b0b7d14c310000ae93352ed6754f70fa8f7c34141f91c4e3219",
                "sha256:a7a39a3bd276781e98394987d3a5701d0c4edffb633bb7a5144577f82c773598"
            ],
            "markers": "python_version >= '3.7'",
            "version": "==1.3.1"
        },
        "iniconfig": {
            "hashes": [
                "sha256:c76315c77db068650d49c5b56314774a7804df16fee4402c1f19d6d15d8c4730",
                "sha256:f631c04d2c48c52b84d0d0549c99ff3859c98df65b3101406327ecc7d53fbf12"
            ],
            "markers": "python_version >= '3.10'",
            "version": "==2.3.0"
        },
        "packaging": {
            "hashes": [
                "sha256:5fc45236b9446107ff2415ce77c807cee2862cb6fac22b8a73826d0693b0980e",
                "sha256:ff452ff5a3e828ce110190feff1178bb1f2ea2281fa2075aadb987c2fb221661"
            ],
            "markers": "python_version >= '3.8'",
            "version": "==26.2"
        },
        "pluggy": {
            "hashes": [
                "sha256:7dcc130b76258d33b90f61b658791dede3486c3e6bfb003ee5c9bfb396dd22f3",
                "sha256:e920276dd6813095e9377c0bc5566d94c932c33b27a3e3945d8389c374dd4746"
            ],
            "markers": "python_version >= '3.9'",
            "version": "==1.6.0"
        },
        "pygments": {
            "hashes": [
                "sha256:6757cd03768053ff99f3039c1a36d6c0aa0b263438fcab17520b30a303a82b5f",
                "sha256:81a9e26dd42fd28a23a2d169d86d7ac03b46e2f8b59ed4698fb4785f946d0176"
            ],
            "markers": "python_version >= '3.9'",
            "version": "==2.20.0"
        },
        "pytest": {
            "hashes": [
                "sha256:2c5efc453d45394fdd706ade797c0a81091eccd1d6e4bccfcd476e2b8e0ab5d9",
                "sha256:b86ada508af81d19edeb213c681b1d48246c1a91d304c6c81a427674c17eb91c"
            ],
            "index": "pypi",
            "markers": "python_version >= '3.10'",
            "version": "==9.0.3"
        },
        "tomli": {
            "hashes": [
                "sha256:01f520d4f53ef97964a240a035ec2a869fe1a37dde002b57ebc4417a27ccd853",
                "sha256:0d85819802132122da43cb86656f8d1f8c6587d54ae7dcaf30e90533028b49fe",
                "sha256:136443dbd7e1dee43c68ac2694fde36b2849865fa258d39bf822c10e8068eac5",
                "sha256:1d8591993e228b0c930c4bb0db464bdad97b3289fb981255d6c9a41aedc84b2d",
                "sha256:2190f2e9dd7508d2a90ded5ed369255980a1bcdd58e52f7fe24b8162bf9fedbd",
                "sha256:2c1c351919aca02858f740c6d33adea0c5deea37f9ecca1cc1ef9e884a619d26",
                "sha256:36d2bd2ad5fb9eaddba5226aa02c8ec3fa4f192631e347b3ed28186d43be6b54",
                "sha256:3d48a93ee1c9b79c04bb38772ee1b64dcf18ff43085896ea460ca8dec96f35f6",
                "sha256:47149d5bd38761ac8be13a84864bf0b7b70bc051806bc3669ab1cbc56216b23c",
                "sha256:4ab97e64ccda8756376892c53a72bd1f964e519c77236368527f758fbc36a53a",
                "sha256:4b605484e43cdc43f0954ddae319fb75f04cc10dd80d830540060ee7cd0243cd",
                "sha256:504aa796fe0569bb43171066009ead363de03675276d2d121ac1a4572397870f",
                "sha256:51529d40e3ca50046d7606fa99ce3956a617f9b36380da3b7f0dd3dd28e68cb5",
                "sha256:52c8ef851d9a240f11a88c003eacb03c31fc1c9c4ec64a99a0f922b93874fda9",
                "sha256:559db847dc486944896521f68d8190be1c9e719fced785720d2216fe7022b662",
                "sha256:5a881ab208c0baf688221f8cecc5401bd291d67e38a1ac884d6736cbcd8247e9",
                "sha256:5cb41aa38891e073ee49d55fbc7839cfdb2bc0e600add13874d048c94aadddd1",
                "sha256:5e262d41726bc187e69af7825504c933b6794dc3fbd5945e41a79bb14c31f585",
                "sha256:5ee18d9ebdb417e384b58fe414e8d6af9f4e7a0ae761519fb50f721de398dd4e",
                "sha256:7008df2e7655c495dd12d2a4ad038ff878d4ca4b81fccaf82b714e07eae4402c",
                "sha256:734e20b57ba95624ecf1841e72b53f6e186355e216e5412de414e3c51e5e3c41",
                "sha256:7c7e1a961a0b2f2472c1ac5b69affa0ae1132c39adcb67aba98568702b9cc23f",
                "sha256:7f86fd587c4ed9dd76f318225e7d9b29cfc5a9d43de44e5754db8d1128487085",
                "sha256:7f94b27a62cfad8496c8d2513e1a222dd446f095fca8987fceef261225538a15",
                "sha256:88dceee75c2c63af144e456745e10101eb67361050196b0b6af5d717254dddf7",
                "sha256:8a650c2dbafa08d42e51ba0b62740dae4ecb9338eefa093aa5c78ceb546fcd5c",
                "sha256:8d65a2fbf9d2f8352685bc1364177ee3923d6baf5e7f43ea4959d7d8bc326a36",
                "sha256:96481a5786729fd470164b47cdb3e0e58062a496f455ee41b4403be77cb5a076",
                "sha256:a120733b01c45e9a0c34aeef92bf0cf1d56cfe81ed9d47d562f9ed591a9828ac",
                "sha256:b1d22e6e9387bf4739fbe23bfa80e93f6b0373a7f1b96c6227c32bef95a4d7a8",
                "sha256:b8c198f8c1805dc42708689ed6864951fd2494f924149d3e4bce7710f8eb5232",
                "sha256:c2541745709bad0264b7d4705ad453b76ccd191e64aa6f0fc66b69a293a45ece",
                "sha256:c742f741d58a28940ce01d58f0ab2ea3ced8b12402f162f4d534dfe18ba1cd6a",
                "sha256:c7f2c7f2b9ca6bdeef8f0fa897f8e05085923eb091721675170254cbc5b02897",
                "sha256:d312ef37c91508b0ab2cee7da26ec0b3ed2f03ce12bd87a588d771ae15dcf82d",
                "sha256:d4d8fe59808a54658fcc0160ecfb1b30f9089906c50b23bcb4c69eddc19ec2b4",
                "sha256:da25dc3563bff5965356133435b757a795a17b17d01dbc0f42fb32447ddfd917",
                "sha256:eab21f45c7f66c13f2a9e0e1535309cee140182a9cdae1e041d02e47291e8396",
                "sha256:eb0dc4e38e6a1fd579e5d50369aa2e10acfc9cace504579b2faabb478e76941a",
                "sha256:ec9bfaf3ad2df51ace80688143a6a4ebc09a248f6ff781a9945e51937008fcbc",
                "sha256:ede3e6487c5ef5d28634ba3f31f989030ad6af71edfb0055cbbd14189ff240ba",
                "sha256:f3c6818a1a86dd6dca7ddcaaf76947d5ba31aecc28cb1b67009a5877c9a64f3f",
                "sha256:f758f1b9299d059cc3f6546ae2af89670cb1c4d48ea29c3cacc4fe7de3058257",
                "sha256:f8f0fc26ec2cc2b965b7a3b87cd19c5c6b8c5e5f436b984e85f486d652285c30",
                "sha256:fd0409a3653af6c147209d267a0e4243f0ae46b011aa978b1080359fddc9b6cf",
                "sha256:ff18e6a727ee0ab0388507b89d1bc6a22b138d1e2fa56d1ad494586d61d2eae9",
                "sha256:ff2983983d34813c1aeb0fa89091e76c3a22889ee83ab27c5eeb45100560c049"
            ],
            "markers": "python_version >= '3.8'",
            "version": "==2.4.1"
        },
        "typing-extensions": {
            "hashes": [
                "sha256:0cea48d173cc12fa28ecabc3b837ea3cf6f38c6d1136f85cbaaf598984861466",
                "sha256:f0fa19c6845758ab08074a0cfa8b7aecb71c999ca73d62883bc25cc018c4e548"
            ],
            "markers": "python_version >= '3.9'",
            "version": "==4.15.0"
        }
    }
}
